
Microsoft Visual Studio Solution File, Format Version 12.00
# Visual Studio Version 17
VisualStudioVersion = 17.0.31903.59
MinimumVisualStudioVersion = 15.0.26124.0
Project("{2150E333-8FDC-42A3-9474-1A3956D46DE8}") = "ApiGateways", "ApiGateways", "{72112192-4BB3-4D79-8472-0D8073A6931D}"
EndProject
Project("{2150E333-8FDC-42A3-9474-1A3956D46DE8}") = "Web.Bff.Framebook", "Web.Bff.Framebook", "{E234B97E-A962-4FBC-AFFA-E9307AA55664}"
EndProject
Project("{9A19103F-16F7-4668-BE54-9A1E7A4F7556}") = "Web.FrameBook.HttpAggregator", "ApiGateways\Web.Bff.Framebook\Web.FrameBook.HttpAggregator\Web.FrameBook.HttpAggregator.csproj", "{95B30665-838D-4CF0-A544-46B492642573}"
EndProject
Project("{2150E333-8FDC-42A3-9474-1A3956D46DE8}") = "Services", "Services", "{D86268A3-46C1-4813-8AE4-234F52D0ED57}"
EndProject
Project("{2150E333-8FDC-42A3-9474-1A3956D46DE8}") = "1.0-Presentation", "1.0-Presentation", "{B02A7FDE-4D9A-44CD-977B-4CD515CC6F77}"
EndProject
Project("{9A19103F-16F7-4668-BE54-9A1E7A4F7556}") = "FrameBook.StackAPI", "Services\1.0-Presentation\FrameBook.StackAPI\FrameBook.StackAPI.csproj", "{638AE2F9-FC52-4C13-813D-B883AAF83648}"
EndProject
Project("{9A19103F-16F7-4668-BE54-9A1E7A4F7556}") = "FrameBook.AuthAPI", "Services\1.0-Presentation\FrameBook.AuthAPI\FrameBook.AuthAPI.csproj", "{D7631F6B-2689-4654-AE03-B7639D27651F}"
EndProject
Project("{2150E333-8FDC-42A3-9474-1A3956D46DE8}") = "2.0-Business", "2.0-Business", "{A8D37395-F92A-4C1F-B164-E621C8AB2A48}"
EndProject
Project("{9A19103F-16F7-4668-BE54-9A1E7A4F7556}") = "Framebook.Business", "Services\2.0-Business\Framebook.Business\Framebook.Business.csproj", "{F9D6E517-4B62-4191-83B5-FE02CB7DC610}"
EndProject
Project("{9A19103F-16F7-4668-BE54-9A1E7A4F7556}") = "Framebook.Business.DTO", "Services\2.0-Business\Framebook.Business.DTO\Framebook.Business.DTO.csproj", "{FD50739E-D7AF-4FEB-8AE8-D5E277A07AAB}"
EndProject
Project("{2150E333-8FDC-42A3-9474-1A3956D46DE8}") = "3.0-Domain", "3.0-Domain", "{65027B50-A98F-48C2-A46B-0E5E222A056F}"
EndProject
Project("{9A19103F-16F7-4668-BE54-9A1E7A4F7556}") = "Framebook.Domain", "Services\3.0-Domain\Framebook.Domain\Framebook.Domain.csproj", "{3D7C2C7E-9E8B-471D-B1EE-F4696080E00D}"
EndProject
Project("{2150E333-8FDC-42A3-9474-1A3956D46DE8}") = "4.0-Infrastructure", "4.0-Infrastructure", "{7D54793B-1B15-4D10-8B75-5204B203C94E}"
EndProject
Project("{2150E333-8FDC-42A3-9474-1A3956D46DE8}") = "4.1-Data", "4.1-Data", "{F41E037B-C687-49B7-B925-B93D841082F9}"
EndProject
Project("{9A19103F-16F7-4668-BE54-9A1E7A4F7556}") = "Framebook.Infra.Data", "Services\4.0-Infrastructure\4.1-Data\Framebook.Infra.Data\Framebook.Infra.Data.csproj", "{F69C6003-45EA-4784-ABFA-262849818792}"
EndProject
Project("{9A19103F-16F7-4668-BE54-9A1E7A4F7556}") = "Framebook.Infra.Repository", "Services\4.0-Infrastructure\4.1-Data\Framebook.Infra.Repository\Framebook.Infra.Repository.csproj", "{09777C3A-ECB0-42DB-9887-69B54087EF24}"
EndProject
Project("{2150E333-8FDC-42A3-9474-1A3956D46DE8}") = "4.2-CrossCutting", "4.2-CrossCutting", "{CBBA01B0-A38B-40ED-B9A5-A8988F82A51E}"
EndProject
Project("{9A19103F-16F7-4668-BE54-9A1E7A4F7556}") = "Framebook.Infra.CrossCutting.Adapter", "Services\4.0-Infrastructure\4.2-CrossCutting\Framebook.Infra.CrossCutting.Adapter\Framebook.Infra.CrossCutting.Adapter.csproj", "{88B064E3-8F6A-4A03-B638-1CFB0E48B73A}"
EndProject
Project("{9A19103F-16F7-4668-BE54-9A1E7A4F7556}") = "Framebook.Infra.CrossCutting.IOC", "Services\4.0-Infrastructure\4.2-CrossCutting\Framebook.Infra.CrossCutting.IOC\Framebook.Infra.CrossCutting.IOC.csproj", "{0B547D38-9173-4BC7-B50E-087C7D169CE7}"
EndProject
Project("{2150E333-8FDC-42A3-9474-1A3956D46DE8}") = "5.0-Authentication", "5.0-Authentication", "{AF09F564-BCF0-4C1D-A620-F77433AFB99C}"
EndProject
Project("{9A19103F-16F7-4668-BE54-9A1E7A4F7556}") = "Framebook.Authentication", "Services\5.0-Authentication\Framebook.Authentication\Framebook.Authentication.csproj", "{25B35FF6-D9F6-44DB-8D44-57211C7D55D7}"
EndProject
Project("{E53339B2-1760-4266-BCC7-CA923CBCF16C}") = "docker-compose", "docker-compose.dcproj", "{730524E2-5981-495A-8845-0FF441C3E183}"
EndProject
Project("{9A19103F-16F7-4668-BE54-9A1E7A4F7556}") = "FrameBook.ProfessionalAPI", "Services\1.0-Presentation\FrameBook.ProfessionalAPI\FrameBook.ProfessionalAPI.csproj", "{45F94961-E310-41C7-84C7-A2BE1F40861B}"
EndProject
Project("{9A19103F-16F7-4668-BE54-9A1E7A4F7556}") = "FrameBook.PerfilAPI", "Services\1.0-Presentation\FrameBook.PerfilAPI\FrameBook.PerfilAPI.csproj", "{8DFF716D-3968-4ED9-BEE9-DABC091C4C3D}"
EndProject
Project("{FAE04EC0-301F-11D3-BF4B-00C04F79EFBC}") = "FrameBook.EspecialidadeAPI", "..\FrameBook.EspecialidadeAPI\FrameBook.EspecialidadeAPI.csproj", "{DE67F73A-36C1-4DA0-BD4C-CC46411D1FA9}"
EndProject
Global
	GlobalSection(SolutionConfigurationPlatforms) = preSolution
		Debug|Any CPU = Debug|Any CPU
		Debug|x64 = Debug|x64
		Debug|x86 = Debug|x86
		Release|Any CPU = Release|Any CPU
		Release|x64 = Release|x64
		Release|x86 = Release|x86
	EndGlobalSection
	GlobalSection(ProjectConfigurationPlatforms) = postSolution
		{95B30665-838D-4CF0-A544-46B492642573}.Debug|Any CPU.ActiveCfg = Debug|Any CPU
		{95B30665-838D-4CF0-A544-46B492642573}.Debug|Any CPU.Build.0 = Debug|Any CPU
		{95B30665-838D-4CF0-A544-46B492642573}.Debug|x64.ActiveCfg = Debug|Any CPU
		{95B30665-838D-4CF0-A544-46B492642573}.Debug|x64.Build.0 = Debug|Any CPU
		{95B30665-838D-4CF0-A544-46B492642573}.Debug|x86.ActiveCfg = Debug|Any CPU
		{95B30665-838D-4CF0-A544-46B492642573}.Debug|x86.Build.0 = Debug|Any CPU
		{95B30665-838D-4CF0-A544-46B492642573}.Release|Any CPU.ActiveCfg = Release|Any CPU
		{95B30665-838D-4CF0-A544-46B492642573}.Release|Any CPU.Build.0 = Release|Any CPU
		{95B30665-838D-4CF0-A544-46B492642573}.Release|x64.ActiveCfg = Release|Any CPU
		{95B30665-838D-4CF0-A544-46B492642573}.Release|x64.Build.0 = Release|Any CPU
		{95B30665-838D-4CF0-A544-46B492642573}.Release|x86.ActiveCfg = Release|Any CPU
		{95B30665-838D-4CF0-A544-46B492642573}.Release|x86.Build.0 = Release|Any CPU
		{638AE2F9-FC52-4C13-813D-B883AAF83648}.Debug|Any CPU.ActiveCfg = Debug|Any CPU
		{638AE2F9-FC52-4C13-813D-B883AAF83648}.Debug|Any CPU.Build.0 = Debug|Any CPU
		{638AE2F9-FC52-4C13-813D-B883AAF83648}.Debug|x64.ActiveCfg = Debug|Any CPU
		{638AE2F9-FC52-4C13-813D-B883AAF83648}.Debug|x64.Build.0 = Debug|Any CPU
		{638AE2F9-FC52-4C13-813D-B883AAF83648}.Debug|x86.ActiveCfg = Debug|Any CPU
		{638AE2F9-FC52-4C13-813D-B883AAF83648}.Debug|x86.Build.0 = Debug|Any CPU
		{638AE2F9-FC52-4C13-813D-B883AAF83648}.Release|Any CPU.ActiveCfg = Release|Any CPU
		{638AE2F9-FC52-4C13-813D-B883AAF83648}.Release|Any CPU.Build.0 = Release|Any CPU
		{638AE2F9-FC52-4C13-813D-B883AAF83648}.Release|x64.ActiveCfg = Release|Any CPU
		{638AE2F9-FC52-4C13-813D-B883AAF83648}.Release|x64.Build.0 = Release|Any CPU
		{638AE2F9-FC52-4C13-813D-B883AAF83648}.Release|x86.ActiveCfg = Release|Any CPU
		{638AE2F9-FC52-4C13-813D-B883AAF83648}.Release|x86.Build.0 = Release|Any CPU
		{D7631F6B-2689-4654-AE03-B7639D27651F}.Debug|Any CPU.ActiveCfg = Debug|Any CPU
		{D7631F6B-2689-4654-AE03-B7639D27651F}.Debug|Any CPU.Build.0 = Debug|Any CPU
		{D7631F6B-2689-4654-AE03-B7639D27651F}.Debug|x64.ActiveCfg = Debug|Any CPU
		{D7631F6B-2689-4654-AE03-B7639D27651F}.Debug|x64.Build.0 = Debug|Any CPU
		{D7631F6B-2689-4654-AE03-B7639D27651F}.Debug|x86.ActiveCfg = Debug|Any CPU
		{D7631F6B-2689-4654-AE03-B7639D27651F}.Debug|x86.Build.0 = Debug|Any CPU
		{D7631F6B-2689-4654-AE03-B7639D27651F}.Release|Any CPU.ActiveCfg = Release|Any CPU
		{D7631F6B-2689-4654-AE03-B7639D27651F}.Release|Any CPU.Build.0 = Release|Any CPU
		{D7631F6B-2689-4654-AE03-B7639D27651F}.Release|x64.ActiveCfg = Release|Any CPU
		{D7631F6B-2689-4654-AE03-B7639D27651F}.Release|x64.Build.0 = Release|Any CPU
		{D7631F6B-2689-4654-AE03-B7639D27651F}.Release|x86.ActiveCfg = Release|Any CPU
		{D7631F6B-2689-4654-AE03-B7639D27651F}.Release|x86.Build.0 = Release|Any CPU
		{F9D6E517-4B62-4191-83B5-FE02CB7DC610}.Debug|Any CPU.ActiveCfg = Debug|Any CPU
		{F9D6E517-4B62-4191-83B5-FE02CB7DC610}.Debug|Any CPU.Build.0 = Debug|Any CPU
		{F9D6E517-4B62-4191-83B5-FE02CB7DC610}.Debug|x64.ActiveCfg = Debug|Any CPU
		{F9D6E517-4B62-4191-83B5-FE02CB7DC610}.Debug|x64.Build.0 = Debug|Any CPU
		{F9D6E517-4B62-4191-83B5-FE02CB7DC610}.Debug|x86.ActiveCfg = Debug|Any CPU
		{F9D6E517-4B62-4191-83B5-FE02CB7DC610}.Debug|x86.Build.0 = Debug|Any CPU
		{F9D6E517-4B62-4191-83B5-FE02CB7DC610}.Release|Any CPU.ActiveCfg = Release|Any CPU
		{F9D6E517-4B62-4191-83B5-FE02CB7DC610}.Release|Any CPU.Build.0 = Release|Any CPU
		{F9D6E517-4B62-4191-83B5-FE02CB7DC610}.Release|x64.ActiveCfg = Release|Any CPU
		{F9D6E517-4B62-4191-83B5-FE02CB7DC610}.Release|x64.Build.0 = Release|Any CPU
		{F9D6E517-4B62-4191-83B5-FE02CB7DC610}.Release|x86.ActiveCfg = Release|Any CPU
		{F9D6E517-4B62-4191-83B5-FE02CB7DC610}.Release|x86.Build.0 = Release|Any CPU
		{FD50739E-D7AF-4FEB-8AE8-D5E277A07AAB}.Debug|Any CPU.ActiveCfg = Debug|Any CPU
		{FD50739E-D7AF-4FEB-8AE8-D5E277A07AAB}.Debug|Any CPU.Build.0 = Debug|Any CPU
		{FD50739E-D7AF-4FEB-8AE8-D5E277A07AAB}.Debug|x64.ActiveCfg = Debug|Any CPU
		{FD50739E-D7AF-4FEB-8AE8-D5E277A07AAB}.Debug|x64.Build.0 = Debug|Any CPU
		{FD50739E-D7AF-4FEB-8AE8-D5E277A07AAB}.Debug|x86.ActiveCfg = Debug|Any CPU
		{FD50739E-D7AF-4FEB-8AE8-D5E277A07AAB}.Debug|x86.Build.0 = Debug|Any CPU
		{FD50739E-D7AF-4FEB-8AE8-D5E277A07AAB}.Release|Any CPU.ActiveCfg = Release|Any CPU
		{FD50739E-D7AF-4FEB-8AE8-D5E277A07AAB}.Release|Any CPU.Build.0 = Release|Any CPU
		{FD50739E-D7AF-4FEB-8AE8-D5E277A07AAB}.Release|x64.ActiveCfg = Release|Any CPU
		{FD50739E-D7AF-4FEB-8AE8-D5E277A07AAB}.Release|x64.Build.0 = Release|Any CPU
		{FD50739E-D7AF-4FEB-8AE8-D5E277A07AAB}.Release|x86.ActiveCfg = Release|Any CPU
		{FD50739E-D7AF-4FEB-8AE8-D5E277A07AAB}.Release|x86.Build.0 = Release|Any CPU
		{3D7C2C7E-9E8B-471D-B1EE-F4696080E00D}.Debug|Any CPU.ActiveCfg = Debug|Any CPU
		{3D7C2C7E-9E8B-471D-B1EE-F4696080E00D}.Debug|Any CPU.Build.0 = Debug|Any CPU
		{3D7C2C7E-9E8B-471D-B1EE-F4696080E00D}.Debug|x64.ActiveCfg = Debug|Any CPU
		{3D7C2C7E-9E8B-471D-B1EE-F4696080E00D}.Debug|x64.Build.0 = Debug|Any CPU
		{3D7C2C7E-9E8B-471D-B1EE-F4696080E00D}.Debug|x86.ActiveCfg = Debug|Any CPU
		{3D7C2C7E-9E8B-471D-B1EE-F4696080E00D}.Debug|x86.Build.0 = Debug|Any CPU
		{3D7C2C7E-9E8B-471D-B1EE-F4696080E00D}.Release|Any CPU.ActiveCfg = Release|Any CPU
		{3D7C2C7E-9E8B-471D-B1EE-F4696080E00D}.Release|Any CPU.Build.0 = Release|Any CPU
		{3D7C2C7E-9E8B-471D-B1EE-F4696080E00D}.Release|x64.ActiveCfg = Release|Any CPU
		{3D7C2C7E-9E8B-471D-B1EE-F4696080E00D}.Release|x64.Build.0 = Release|Any CPU
		{3D7C2C7E-9E8B-471D-B1EE-F4696080E00D}.Release|x86.ActiveCfg = Release|Any CPU
		{3D7C2C7E-9E8B-471D-B1EE-F4696080E00D}.Release|x86.Build.0 = Release|Any CPU
		{F69C6003-45EA-4784-ABFA-262849818792}.Debug|Any CPU.ActiveCfg = Debug|Any CPU
		{F69C6003-45EA-4784-ABFA-262849818792}.Debug|Any CPU.Build.0 = Debug|Any CPU
		{F69C6003-45EA-4784-ABFA-262849818792}.Debug|x64.ActiveCfg = Debug|Any CPU
		{F69C6003-45EA-4784-ABFA-262849818792}.Debug|x64.Build.0 = Debug|Any CPU
		{F69C6003-45EA-4784-ABFA-262849818792}.Debug|x86.ActiveCfg = Debug|Any CPU
		{F69C6003-45EA-4784-ABFA-262849818792}.Debug|x86.Build.0 = Debug|Any CPU
		{F69C6003-45EA-4784-ABFA-262849818792}.Release|Any CPU.ActiveCfg = Release|Any CPU
		{F69C6003-45EA-4784-ABFA-262849818792}.Release|Any CPU.Build.0 = Release|Any CPU
		{F69C6003-45EA-4784-ABFA-262849818792}.Release|x64.ActiveCfg = Release|Any CPU
		{F69C6003-45EA-4784-ABFA-262849818792}.Release|x64.Build.0 = Release|Any CPU
		{F69C6003-45EA-4784-ABFA-262849818792}.Release|x86.ActiveCfg = Release|Any CPU
		{F69C6003-45EA-4784-ABFA-262849818792}.Release|x86.Build.0 = Release|Any CPU
		{09777C3A-ECB0-42DB-9887-69B54087EF24}.Debug|Any CPU.ActiveCfg = Debug|Any CPU
		{09777C3A-ECB0-42DB-9887-69B54087EF24}.Debug|Any CPU.Build.0 = Debug|Any CPU
		{09777C3A-ECB0-42DB-9887-69B54087EF24}.Debug|x64.ActiveCfg = Debug|Any CPU
		{09777C3A-ECB0-42DB-9887-69B54087EF24}.Debug|x64.Build.0 = Debug|Any CPU
		{09777C3A-ECB0-42DB-9887-69B54087EF24}.Debug|x86.ActiveCfg = Debug|Any CPU
		{09777C3A-ECB0-42DB-9887-69B54087EF24}.Debug|x86.Build.0 = Debug|Any CPU
		{09777C3A-ECB0-42DB-9887-69B54087EF24}.Release|Any CPU.ActiveCfg = Release|Any CPU
		{09777C3A-ECB0-42DB-9887-69B54087EF24}.Release|Any CPU.Build.0 = Release|Any CPU
		{09777C3A-ECB0-42DB-9887-69B54087EF24}.Release|x64.ActiveCfg = Release|Any CPU
		{09777C3A-ECB0-42DB-9887-69B54087EF24}.Release|x64.Build.0 = Release|Any CPU
		{09777C3A-ECB0-42DB-9887-69B54087EF24}.Release|x86.ActiveCfg = Release|Any CPU
		{09777C3A-ECB0-42DB-9887-69B54087EF24}.Release|x86.Build.0 = Release|Any CPU
		{88B064E3-8F6A-4A03-B638-1CFB0E48B73A}.Debug|Any CPU.ActiveCfg = Debug|Any CPU
		{88B064E3-8F6A-4A03-B638-1CFB0E48B73A}.Debug|Any CPU.Build.0 = Debug|Any CPU
		{88B064E3-8F6A-4A03-B638-1CFB0E48B73A}.Debug|x64.ActiveCfg = Debug|Any CPU
		{88B064E3-8F6A-4A03-B638-1CFB0E48B73A}.Debug|x64.Build.0 = Debug|Any CPU
		{88B064E3-8F6A-4A03-B638-1CFB0E48B73A}.Debug|x86.ActiveCfg = Debug|Any CPU
		{88B064E3-8F6A-4A03-B638-1CFB0E48B73A}.Debug|x86.Build.0 = Debug|Any CPU
		{88B064E3-8F6A-4A03-B638-1CFB0E48B73A}.Release|Any CPU.ActiveCfg = Release|Any CPU
		{88B064E3-8F6A-4A03-B638-1CFB0E48B73A}.Release|Any CPU.Build.0 = Release|Any CPU
		{88B064E3-8F6A-4A03-B638-1CFB0E48B73A}.Release|x64.ActiveCfg = Release|Any CPU
		{88B064E3-8F6A-4A03-B638-1CFB0E48B73A}.Release|x64.Build.0 = Release|Any CPU
		{88B064E3-8F6A-4A03-B638-1CFB0E48B73A}.Release|x86.ActiveCfg = Release|Any CPU
		{88B064E3-8F6A-4A03-B638-1CFB0E48B73A}.Release|x86.Build.0 = Release|Any CPU
		{0B547D38-9173-4BC7-B50E-087C7D169CE7}.Debug|Any CPU.ActiveCfg = Debug|Any CPU
		{0B547D38-9173-4BC7-B50E-087C7D169CE7}.Debug|Any CPU.Build.0 = Debug|Any CPU
		{0B547D38-9173-4BC7-B50E-087C7D169CE7}.Debug|x64.ActiveCfg = Debug|Any CPU
		{0B547D38-9173-4BC7-B50E-087C7D169CE7}.Debug|x64.Build.0 = Debug|Any CPU
		{0B547D38-9173-4BC7-B50E-087C7D169CE7}.Debug|x86.ActiveCfg = Debug|Any CPU
		{0B547D38-9173-4BC7-B50E-087C7D169CE7}.Debug|x86.Build.0 = Debug|Any CPU
		{0B547D38-9173-4BC7-B50E-087C7D169CE7}.Release|Any CPU.ActiveCfg = Release|Any CPU
		{0B547D38-9173-4BC7-B50E-087C7D169CE7}.Release|Any CPU.Build.0 = Release|Any CPU
		{0B547D38-9173-4BC7-B50E-087C7D169CE7}.Release|x64.ActiveCfg = Release|Any CPU
		{0B547D38-9173-4BC7-B50E-087C7D169CE7}.Release|x64.Build.0 = Release|Any CPU
		{0B547D38-9173-4BC7-B50E-087C7D169CE7}.Release|x86.ActiveCfg = Release|Any CPU
		{0B547D38-9173-4BC7-B50E-087C7D169CE7}.Release|x86.Build.0 = Release|Any CPU
		{25B35FF6-D9F6-44DB-8D44-57211C7D55D7}.Debug|Any CPU.ActiveCfg = Debug|Any CPU
		{25B35FF6-D9F6-44DB-8D44-57211C7D55D7}.Debug|Any CPU.Build.0 = Debug|Any CPU
		{25B35FF6-D9F6-44DB-8D44-57211C7D55D7}.Debug|x64.ActiveCfg = Debug|Any CPU
		{25B35FF6-D9F6-44DB-8D44-57211C7D55D7}.Debug|x64.Build.0 = Debug|Any CPU
		{25B35FF6-D9F6-44DB-8D44-57211C7D55D7}.Debug|x86.ActiveCfg = Debug|Any CPU
		{25B35FF6-D9F6-44DB-8D44-57211C7D55D7}.Debug|x86.Build.0 = Debug|Any CPU
		{25B35FF6-D9F6-44DB-8D44-57211C7D55D7}.Release|Any CPU.ActiveCfg = Release|Any CPU
		{25B35FF6-D9F6-44DB-8D44-57211C7D55D7}.Release|Any CPU.Build.0 = Release|Any CPU
		{25B35FF6-D9F6-44DB-8D44-57211C7D55D7}.Release|x64.ActiveCfg = Release|Any CPU
		{25B35FF6-D9F6-44DB-8D44-57211C7D55D7}.Release|x64.Build.0 = Release|Any CPU
		{25B35FF6-D9F6-44DB-8D44-57211C7D55D7}.Release|x86.ActiveCfg = Release|Any CPU
		{25B35FF6-D9F6-44DB-8D44-57211C7D55D7}.Release|x86.Build.0 = Release|Any CPU
		{730524E2-5981-495A-8845-0FF441C3E183}.Debug|Any CPU.ActiveCfg = Debug|Any CPU
		{730524E2-5981-495A-8845-0FF441C3E183}.Debug|Any CPU.Build.0 = Debug|Any CPU
		{730524E2-5981-495A-8845-0FF441C3E183}.Debug|x64.ActiveCfg = Debug|Any CPU
		{730524E2-5981-495A-8845-0FF441C3E183}.Debug|x64.Build.0 = Debug|Any CPU
		{730524E2-5981-495A-8845-0FF441C3E183}.Debug|x86.ActiveCfg = Debug|Any CPU
		{730524E2-5981-495A-8845-0FF441C3E183}.Debug|x86.Build.0 = Debug|Any CPU
		{730524E2-5981-495A-8845-0FF441C3E183}.Release|Any CPU.ActiveCfg = Release|Any CPU
		{730524E2-5981-495A-8845-0FF441C3E183}.Release|Any CPU.Build.0 = Release|Any CPU
		{730524E2-5981-495A-8845-0FF441C3E183}.Release|x64.ActiveCfg = Release|Any CPU
		{730524E2-5981-495A-8845-0FF441C3E183}.Release|x64.Build.0 = Release|Any CPU
		{730524E2-5981-495A-8845-0FF441C3E183}.Release|x86.ActiveCfg = Release|Any CPU
		{730524E2-5981-495A-8845-0FF441C3E183}.Release|x86.Build.0 = Release|Any CPU
		{45F94961-E310-41C7-84C7-A2BE1F40861B}.Debug|Any CPU.ActiveCfg = Debug|Any CPU
		{45F94961-E310-41C7-84C7-A2BE1F40861B}.Debug|Any CPU.Build.0 = Debug|Any CPU
		{45F94961-E310-41C7-84C7-A2BE1F40861B}.Debug|x64.ActiveCfg = Debug|Any CPU
		{45F94961-E310-41C7-84C7-A2BE1F40861B}.Debug|x64.Build.0 = Debug|Any CPU
		{45F94961-E310-41C7-84C7-A2BE1F40861B}.Debug|x86.ActiveCfg = Debug|Any CPU
		{45F94961-E310-41C7-84C7-A2BE1F40861B}.Debug|x86.Build.0 = Debug|Any CPU
		{45F94961-E310-41C7-84C7-A2BE1F40861B}.Release|Any CPU.ActiveCfg = Release|Any CPU
		{45F94961-E310-41C7-84C7-A2BE1F40861B}.Release|Any CPU.Build.0 = Release|Any CPU
		{45F94961-E310-41C7-84C7-A2BE1F40861B}.Release|x64.ActiveCfg = Release|Any CPU
		{45F94961-E310-41C7-84C7-A2BE1F40861B}.Release|x64.Build.0 = Release|Any CPU
		{45F94961-E310-41C7-84C7-A2BE1F40861B}.Release|x86.ActiveCfg = Release|Any CPU
		{45F94961-E310-41C7-84C7-A2BE1F40861B}.Release|x86.Build.0 = Release|Any CPU
		{8DFF716D-3968-4ED9-BEE9-DABC091C4C3D}.Debug|Any CPU.ActiveCfg = Debug|Any CPU
		{8DFF716D-3968-4ED9-BEE9-DABC091C4C3D}.Debug|Any CPU.Build.0 = Debug|Any CPU
		{8DFF716D-3968-4ED9-BEE9-DABC091C4C3D}.Debug|x64.ActiveCfg = Debug|Any CPU
		{8DFF716D-3968-4ED9-BEE9-DABC091C4C3D}.Debug|x64.Build.0 = Debug|Any CPU
		{8DFF716D-3968-4ED9-BEE9-DABC091C4C3D}.Debug|x86.ActiveCfg = Debug|Any CPU
		{8DFF716D-3968-4ED9-BEE9-DABC091C4C3D}.Debug|x86.Build.0 = Debug|Any CPU
		{8DFF716D-3968-4ED9-BEE9-DABC091C4C3D}.Release|Any CPU.ActiveCfg = Release|Any CPU
		{8DFF716D-3968-4ED9-BEE9-DABC091C4C3D}.Release|Any CPU.Build.0 = Release|Any CPU
		{8DFF716D-3968-4ED9-BEE9-DABC091C4C3D}.Release|x64.ActiveCfg = Release|Any CPU
		{8DFF716D-3968-4ED9-BEE9-DABC091C4C3D}.Release|x64.Build.0 = Release|Any CPU
		{8DFF716D-3968-4ED9-BEE9-DABC091C4C3D}.Release|x86.ActiveCfg = Release|Any CPU
		{8DFF716D-3968-4ED9-BEE9-DABC091C4C3D}.Release|x86.Build.0 = Release|Any CPU
		{DE67F73A-36C1-4DA0-BD4C-CC46411D1FA9}.Debug|Any CPU.ActiveCfg = Debug|Any CPU
		{DE67F73A-36C1-4DA0-BD4C-CC46411D1FA9}.Debug|Any CPU.Build.0 = Debug|Any CPU
		{DE67F73A-36C1-4DA0-BD4C-CC46411D1FA9}.Debug|x64.ActiveCfg = Debug|Any CPU
		{DE67F73A-36C1-4DA0-BD4C-CC46411D1FA9}.Debug|x64.Build.0 = Debug|Any CPU
		{DE67F73A-36C1-4DA0-BD4C-CC46411D1FA9}.Debug|x86.ActiveCfg = Debug|Any CPU
		{DE67F73A-36C1-4DA0-BD4C-CC46411D1FA9}.Debug|x86.Build.0 = Debug|Any CPU
		{DE67F73A-36C1-4DA0-BD4C-CC46411D1FA9}.Release|Any CPU.ActiveCfg = Release|Any CPU
		{DE67F73A-36C1-4DA0-BD4C-CC46411D1FA9}.Release|Any CPU.Build.0 = Release|Any CPU
		{DE67F73A-36C1-4DA0-BD4C-CC46411D1FA9}.Release|x64.ActiveCfg = Release|Any CPU
		{DE67F73A-36C1-4DA0-BD4C-CC46411D1FA9}.Release|x64.Build.0 = Release|Any CPU
		{DE67F73A-36C1-4DA0-BD4C-CC46411D1FA9}.Release|x86.ActiveCfg = Release|Any CPU
		{DE67F73A-36C1-4DA0-BD4C-CC46411D1FA9}.Release|x86.Build.0 = Release|Any CPU
	EndGlobalSection
	GlobalSection(SolutionProperties) = preSolution
		HideSolutionNode = FALSE
	EndGlobalSection
	GlobalSection(NestedProjects) = preSolution
		{E234B97E-A962-4FBC-AFFA-E9307AA55664} = {72112192-4BB3-4D79-8472-0D8073A6931D}
		{95B30665-838D-4CF0-A544-46B492642573} = {E234B97E-A962-4FBC-AFFA-E9307AA55664}
		{B02A7FDE-4D9A-44CD-977B-4CD515CC6F77} = {D86268A3-46C1-4813-8AE4-234F52D0ED57}
		{638AE2F9-FC52-4C13-813D-B883AAF83648} = {B02A7FDE-4D9A-44CD-977B-4CD515CC6F77}
		{D7631F6B-2689-4654-AE03-B7639D27651F} = {B02A7FDE-4D9A-44CD-977B-4CD515CC6F77}
		{A8D37395-F92A-4C1F-B164-E621C8AB2A48} = {D86268A3-46C1-4813-8AE4-234F52D0ED57}
		{F9D6E517-4B62-4191-83B5-FE02CB7DC610} = {A8D37395-F92A-4C1F-B164-E621C8AB2A48}
		{FD50739E-D7AF-4FEB-8AE8-D5E277A07AAB} = {A8D37395-F92A-4C1F-B164-E621C8AB2A48}
		{65027B50-A98F-48C2-A46B-0E5E222A056F} = {D86268A3-46C1-4813-8AE4-234F52D0ED57}
		{3D7C2C7E-9E8B-471D-B1EE-F4696080E00D} = {65027B50-A98F-48C2-A46B-0E5E222A056F}
		{7D54793B-1B15-4D10-8B75-5204B203C94E} = {D86268A3-46C1-4813-8AE4-234F52D0ED57}
		{F41E037B-C687-49B7-B925-B93D841082F9} = {7D54793B-1B15-4D10-8B75-5204B203C94E}
		{F69C6003-45EA-4784-ABFA-262849818792} = {F41E037B-C687-49B7-B925-B93D841082F9}
		{09777C3A-ECB0-42DB-9887-69B54087EF24} = {F41E037B-C687-49B7-B925-B93D841082F9}
		{CBBA01B0-A38B-40ED-B9A5-A8988F82A51E} = {7D54793B-1B15-4D10-8B75-5204B203C94E}
		{88B064E3-8F6A-4A03-B638-1CFB0E48B73A} = {CBBA01B0-A38B-40ED-B9A5-A8988F82A51E}
		{0B547D38-9173-4BC7-B50E-087C7D169CE7} = {CBBA01B0-A38B-40ED-B9A5-A8988F82A51E}
		{AF09F564-BCF0-4C1D-A620-F77433AFB99C} = {D86268A3-46C1-4813-8AE4-234F52D0ED57}
		{25B35FF6-D9F6-44DB-8D44-57211C7D55D7} = {AF09F564-BCF0-4C1D-A620-F77433AFB99C}
		{45F94961-E310-41C7-84C7-A2BE1F40861B} = {B02A7FDE-4D9A-44CD-977B-4CD515CC6F77}
		{8DFF716D-3968-4ED9-BEE9-DABC091C4C3D} = {B02A7FDE-4D9A-44CD-977B-4CD515CC6F77}
		{DE67F73A-36C1-4DA0-BD4C-CC46411D1FA9} = {B02A7FDE-4D9A-44CD-977B-4CD515CC6F77}
	EndGlobalSection
	GlobalSection(ExtensibilityGlobals) = postSolution
		SolutionGuid = {94BDC400-0F84-49E1-B759-9E3B6994B798}
	EndGlobalSection
EndGlobal
